// !$*UTF8*$!
{
	archiveVersion = 1;
	classes = {
	};
	objectVersion = 55;
	objects = {

/* Begin PBXBuildFile section */
		3C05E4882734246700E50CEE /* AppDelegate.swift in Sources */ = {isa = PBXBuildFile; fileRef = 3C05E4872734246700E50CEE /* AppDelegate.swift */; };
		3C05E48A2734246700E50CEE /* SceneDelegate.swift in Sources */ = {isa = PBXBuildFile; fileRef = 3C05E4892734246700E50CEE /* SceneDelegate.swift */; };
		3C05E48C2734246700E50CEE /* CocktailsViewController.swift in Sources */ = {isa = PBXBuildFile; fileRef = 3C05E48B2734246700E50CEE /* CocktailsViewController.swift */; };
		3C05E4922734246700E50CEE /* Cocktails.xcdatamodeld in Sources */ = {isa = PBXBuildFile; fileRef = 3C05E4902734246700E50CEE /* Cocktails.xcdatamodeld */; };
		3C05E4942734246B00E50CEE /* Assets.xcassets in Resources */ = {isa = PBXBuildFile; fileRef = 3C05E4932734246B00E50CEE /* Assets.xcassets */; };
		3C05E4972734246B00E50CEE /* LaunchScreen.storyboard in Resources */ = {isa = PBXBuildFile; fileRef = 3C05E4952734246B00E50CEE /* LaunchScreen.storyboard */; };
		3C05E4A1273574EE00E50CEE /* CocktailsPresenter.swift in Sources */ = {isa = PBXBuildFile; fileRef = 3C05E4A0273574EE00E50CEE /* CocktailsPresenter.swift */; };
		3C05E4A32735781700E50CEE /* CocktailsInteractor.swift in Sources */ = {isa = PBXBuildFile; fileRef = 3C05E4A22735781700E50CEE /* CocktailsInteractor.swift */; };
		3C05E4A52735785B00E50CEE /* CocktailsConfigurator.swift in Sources */ = {isa = PBXBuildFile; fileRef = 3C05E4A42735785B00E50CEE /* CocktailsConfigurator.swift */; };
		3C05E4A72735788C00E50CEE /* CocktailsRouter.swift in Sources */ = {isa = PBXBuildFile; fileRef = 3C05E4A62735788C00E50CEE /* CocktailsRouter.swift */; };
		3C05E4AA2737DAAB00E50CEE /* CocktailData.swift in Sources */ = {isa = PBXBuildFile; fileRef = 3C05E4A92737DAAB00E50CEE /* CocktailData.swift */; };
		3C05E4AC2737E5D600E50CEE /* CocktailsViewCell.swift in Sources */ = {isa = PBXBuildFile; fileRef = 3C05E4AB2737E5D600E50CEE /* CocktailsViewCell.swift */; };
		3C05E4B02738341300E50CEE /* MainTabBarController.swift in Sources */ = {isa = PBXBuildFile; fileRef = 3C05E4AF2738341300E50CEE /* MainTabBarController.swift */; };
		3C7AF5B6274B618F001B7B88 /* CocktailDetailsPresenter.swift in Sources */ = {isa = PBXBuildFile; fileRef = 3C7AF5B5274B618F001B7B88 /* CocktailDetailsPresenter.swift */; };
		3C7AF5B8274B61AD001B7B88 /* CocktailDetailsInteractor.swift in Sources */ = {isa = PBXBuildFile; fileRef = 3C7AF5B7274B61AD001B7B88 /* CocktailDetailsInteractor.swift */; };
		3C7AF5BD274B663B001B7B88 /* CocktailDetailsConfigurator.swift in Sources */ = {isa = PBXBuildFile; fileRef = 3C7AF5BC274B663B001B7B88 /* CocktailDetailsConfigurator.swift */; };
		3CA92BB4280EFDCA0057EB50 /* CoreDataManager.swift in Sources */ = {isa = PBXBuildFile; fileRef = 3CA92BB3280EFDCA0057EB50 /* CoreDataManager.swift */; };
		3CA92BB7280F05340057EB50 /* Cocktail+CoreDataClass.swift in Sources */ = {isa = PBXBuildFile; fileRef = 3CA92BB5280F05340057EB50 /* Cocktail+CoreDataClass.swift */; };
		3CA92BB8280F05340057EB50 /* Cocktail+CoreDataProperties.swift in Sources */ = {isa = PBXBuildFile; fileRef = 3CA92BB6280F05340057EB50 /* Cocktail+CoreDataProperties.swift */; };
		3CA92BBA280F15BC0057EB50 /* FavoriteViewController.swift in Sources */ = {isa = PBXBuildFile; fileRef = 3CA92BB9280F15BC0057EB50 /* FavoriteViewController.swift */; };
		3CA92BBC280F28990057EB50 /* FavoritePresenter.swift in Sources */ = {isa = PBXBuildFile; fileRef = 3CA92BBB280F28990057EB50 /* FavoritePresenter.swift */; };
		3CA92BBE280F28AF0057EB50 /* FavoriteInteractor.swift in Sources */ = {isa = PBXBuildFile; fileRef = 3CA92BBD280F28AF0057EB50 /* FavoriteInteractor.swift */; };
		3CA92BC0280F28CD0057EB50 /* FavoriteConfigurator.swift in Sources */ = {isa = PBXBuildFile; fileRef = 3CA92BBF280F28CD0057EB50 /* FavoriteConfigurator.swift */; };
		3CA92BC2280F28DE0057EB50 /* FavoriteRouter.swift in Sources */ = {isa = PBXBuildFile; fileRef = 3CA92BC1280F28DE0057EB50 /* FavoriteRouter.swift */; };
		3CA92BC52810A7720057EB50 /* Image.swift in Sources */ = {isa = PBXBuildFile; fileRef = 3CA92BC42810A7720057EB50 /* Image.swift */; };
		3CA92BC72810AA5C0057EB50 /* ImageManager.swift in Sources */ = {isa = PBXBuildFile; fileRef = 3CA92BC62810AA5C0057EB50 /* ImageManager.swift */; };
		3CA92BC92815C7BE0057EB50 /* SearchPresenter.swift in Sources */ = {isa = PBXBuildFile; fileRef = 3CA92BC82815C7BE0057EB50 /* SearchPresenter.swift */; };
		3CA92BCB2815C7D50057EB50 /* SearchInteractor.swift in Sources */ = {isa = PBXBuildFile; fileRef = 3CA92BCA2815C7D50057EB50 /* SearchInteractor.swift */; };
		3CA92BCD2815C7E90057EB50 /* SearchConfigurator.swift in Sources */ = {isa = PBXBuildFile; fileRef = 3CA92BCC2815C7E80057EB50 /* SearchConfigurator.swift */; };
		3CA92BCF2815C7F70057EB50 /* SearchRouter.swift in Sources */ = {isa = PBXBuildFile; fileRef = 3CA92BCE2815C7F70057EB50 /* SearchRouter.swift */; };
		3CA92BD128186CC60057EB50 /* ListAllCocktailsModel.swift in Sources */ = {isa = PBXBuildFile; fileRef = 3CA92BD028186CC60057EB50 /* ListAllCocktailsModel.swift */; };
		3CA92BD328186E7F0057EB50 /* ExpandableHeaderView.swift in Sources */ = {isa = PBXBuildFile; fileRef = 3CA92BD228186E7F0057EB50 /* ExpandableHeaderView.swift */; };
		3CA92BD628188C9F0057EB50 /* ListViewController.swift in Sources */ = {isa = PBXBuildFile; fileRef = 3CA92BD528188C9F0057EB50 /* ListViewController.swift */; };
		3CA92BD828188CDC0057EB50 /* ListPresenter.swift in Sources */ = {isa = PBXBuildFile; fileRef = 3CA92BD728188CDC0057EB50 /* ListPresenter.swift */; };
		3CA92BDA28188CED0057EB50 /* ListInteractor.swift in Sources */ = {isa = PBXBuildFile; fileRef = 3CA92BD928188CED0057EB50 /* ListInteractor.swift */; };
		3CA92BDC28188D010057EB50 /* ListConfigurator.swift in Sources */ = {isa = PBXBuildFile; fileRef = 3CA92BDB28188D010057EB50 /* ListConfigurator.swift */; };
		3CA92BDE28188D160057EB50 /* ListRouter.swift in Sources */ = {isa = PBXBuildFile; fileRef = 3CA92BDD28188D160057EB50 /* ListRouter.swift */; };
		3CAEA0AF27383C2D009CAFF7 /* SearchViewController.swift in Sources */ = {isa = PBXBuildFile; fileRef = 3CAEA0AE27383C2D009CAFF7 /* SearchViewController.swift */; };
		3CAEA0B4273849A8009CAFF7 /* CocktailDetailsViewController.swift in Sources */ = {isa = PBXBuildFile; fileRef = 3CAEA0B3273849A8009CAFF7 /* CocktailDetailsViewController.swift */; };
		3CAEA0B72738B605009CAFF7 /* NetworkManager.swift in Sources */ = {isa = PBXBuildFile; fileRef = 3CAEA0B62738B605009CAFF7 /* NetworkManager.swift */; };
		3CAEA0B92738B828009CAFF7 /* Cocktails.swift in Sources */ = {isa = PBXBuildFile; fileRef = 3CAEA0B82738B828009CAFF7 /* Cocktails.swift */; };
		3CAEA0BB2738BE9E009CAFF7 /* URLs.swift in Sources */ = {isa = PBXBuildFile; fileRef = 3CAEA0BA2738BE9E009CAFF7 /* URLs.swift */; };
		DC70521FF875E7AA0837ABC7 /* Pods_Cocktails.framework in Frameworks */ = {isa = PBXBuildFile; fileRef = 1E27888929C83B7FA61BA91F /* Pods_Cocktails.framework */; };
/* End PBXBuildFile section */

/* Begin PBXFileReference section */
		1E27888929C83B7FA61BA91F /* Pods_Cocktails.framework */ = {isa = PBXFileReference; explicitFileType = wrapper.framework; includeInIndex = 0; path = Pods_Cocktails.framework; sourceTree = BUILT_PRODUCTS_DIR; };
		3C05E4842734246700E50CEE /* Cocktails.app */ = {isa = PBXFileReference; explicitFileType = wrapper.application; includeInIndex = 0; path = Cocktails.app; sourceTree = BUILT_PRODUCTS_DIR; };
		3C05E4872734246700E50CEE /* AppDelegate.swift */ = {isa = PBXFileReference; lastKnownFileType = sourcecode.swift; path = AppDelegate.swift; sourceTree = "<group>"; };
		3C05E4892734246700E50CEE /* SceneDelegate.swift */ = {isa = PBXFileReference; lastKnownFileType = sourcecode.swift; path = SceneDelegate.swift; sourceTree = "<group>"; };
		3C05E48B2734246700E50CEE /* CocktailsViewController.swift */ = {isa = PBXFileReference; lastKnownFileType = sourcecode.swift; path = CocktailsViewController.swift; sourceTree = "<group>"; };
		3C05E4912734246700E50CEE /* Cocktails.xcdatamodel */ = {isa = PBXFileReference; lastKnownFileType = wrapper.xcdatamodel; path = Cocktails.xcdatamodel; sourceTree = "<group>"; };
		3C05E4932734246B00E50CEE /* Assets.xcassets */ = {isa = PBXFileReference; lastKnownFileType = folder.assetcatalog; path = Assets.xcassets; sourceTree = "<group>"; };
		3C05E4962734246B00E50CEE /* Base */ = {isa = PBXFileReference; lastKnownFileType = file.storyboard; name = Base; path = Base.lproj/LaunchScreen.storyboard; sourceTree = "<group>"; };
		3C05E4982734246B00E50CEE /* Info.plist */ = {isa = PBXFileReference; lastKnownFileType = text.plist.xml; path = Info.plist; sourceTree = "<group>"; };
		3C05E4A0273574EE00E50CEE /* CocktailsPresenter.swift */ = {isa = PBXFileReference; lastKnownFileType = sourcecode.swift; path = CocktailsPresenter.swift; sourceTree = "<group>"; };
		3C05E4A22735781700E50CEE /* CocktailsInteractor.swift */ = {isa = PBXFileReference; lastKnownFileType = sourcecode.swift; path = CocktailsInteractor.swift; sourceTree = "<group>"; };
		3C05E4A42735785B00E50CEE /* CocktailsConfigurator.swift */ = {isa = PBXFileReference; lastKnownFileType = sourcecode.swift; path = CocktailsConfigurator.swift; sourceTree = "<group>"; };
		3C05E4A62735788C00E50CEE /* CocktailsRouter.swift */ = {isa = PBXFileReference; lastKnownFileType = sourcecode.swift; path = CocktailsRouter.swift; sourceTree = "<group>"; };
		3C05E4A92737DAAB00E50CEE /* CocktailData.swift */ = {isa = PBXFileReference; lastKnownFileType = sourcecode.swift; path = CocktailData.swift; sourceTree = "<group>"; };
		3C05E4AB2737E5D600E50CEE /* CocktailsViewCell.swift */ = {isa = PBXFileReference; lastKnownFileType = sourcecode.swift; path = CocktailsViewCell.swift; sourceTree = "<group>"; };
		3C05E4AF2738341300E50CEE /* MainTabBarController.swift */ = {isa = PBXFileReference; lastKnownFileType = sourcecode.swift; path = MainTabBarController.swift; sourceTree = "<group>"; };
		3C7AF5B5274B618F001B7B88 /* CocktailDetailsPresenter.swift */ = {isa = PBXFileReference; lastKnownFileType = sourcecode.swift; path = CocktailDetailsPresenter.swift; sourceTree = "<group>"; };
		3C7AF5B7274B61AD001B7B88 /* CocktailDetailsInteractor.swift */ = {isa = PBXFileReference; lastKnownFileType = sourcecode.swift; path = CocktailDetailsInteractor.swift; sourceTree = "<group>"; };
		3C7AF5BC274B663B001B7B88 /* CocktailDetailsConfigurator.swift */ = {isa = PBXFileReference; lastKnownFileType = sourcecode.swift; path = CocktailDetailsConfigurator.swift; sourceTree = "<group>"; };
		3CA92BB3280EFDCA0057EB50 /* CoreDataManager.swift */ = {isa = PBXFileReference; lastKnownFileType = sourcecode.swift; path = CoreDataManager.swift; sourceTree = "<group>"; };
		3CA92BB5280F05340057EB50 /* Cocktail+CoreDataClass.swift */ = {isa = PBXFileReference; lastKnownFileType = sourcecode.swift; path = "Cocktail+CoreDataClass.swift"; sourceTree = SOURCE_ROOT; };
		3CA92BB6280F05340057EB50 /* Cocktail+CoreDataProperties.swift */ = {isa = PBXFileReference; lastKnownFileType = sourcecode.swift; path = "Cocktail+CoreDataProperties.swift"; sourceTree = SOURCE_ROOT; };
		3CA92BB9280F15BC0057EB50 /* FavoriteViewController.swift */ = {isa = PBXFileReference; lastKnownFileType = sourcecode.swift; path = FavoriteViewController.swift; sourceTree = "<group>"; };
		3CA92BBB280F28990057EB50 /* FavoritePresenter.swift */ = {isa = PBXFileReference; lastKnownFileType = sourcecode.swift; path = FavoritePresenter.swift; sourceTree = "<group>"; };
		3CA92BBD280F28AF0057EB50 /* FavoriteInteractor.swift */ = {isa = PBXFileReference; lastKnownFileType = sourcecode.swift; path = FavoriteInteractor.swift; sourceTree = "<group>"; };
		3CA92BBF280F28CD0057EB50 /* FavoriteConfigurator.swift */ = {isa = PBXFileReference; lastKnownFileType = sourcecode.swift; path = FavoriteConfigurator.swift; sourceTree = "<group>"; };
		3CA92BC1280F28DE0057EB50 /* FavoriteRouter.swift */ = {isa = PBXFileReference; lastKnownFileType = sourcecode.swift; path = FavoriteRouter.swift; sourceTree = "<group>"; };
		3CA92BC42810A7720057EB50 /* Image.swift */ = {isa = PBXFileReference; lastKnownFileType = sourcecode.swift; path = Image.swift; sourceTree = "<group>"; };
		3CA92BC62810AA5C0057EB50 /* ImageManager.swift */ = {isa = PBXFileReference; lastKnownFileType = sourcecode.swift; path = ImageManager.swift; sourceTree = "<group>"; };
		3CA92BC82815C7BE0057EB50 /* SearchPresenter.swift */ = {isa = PBXFileReference; lastKnownFileType = sourcecode.swift; path = SearchPresenter.swift; sourceTree = "<group>"; };
		3CA92BCA2815C7D50057EB50 /* SearchInteractor.swift */ = {isa = PBXFileReference; lastKnownFileType = sourcecode.swift; path = SearchInteractor.swift; sourceTree = "<group>"; };
		3CA92BCC2815C7E80057EB50 /* SearchConfigurator.swift */ = {isa = PBXFileReference; lastKnownFileType = sourcecode.swift; path = SearchConfigurator.swift; sourceTree = "<group>"; };
		3CA92BCE2815C7F70057EB50 /* SearchRouter.swift */ = {isa = PBXFileReference; lastKnownFileType = sourcecode.swift; path = SearchRouter.swift; sourceTree = "<group>"; };
		3CA92BD028186CC60057EB50 /* ListAllCocktailsModel.swift */ = {isa = PBXFileReference; lastKnownFileType = sourcecode.swift; path = ListAllCocktailsModel.swift; sourceTree = "<group>"; };
		3CA92BD228186E7F0057EB50 /* ExpandableHeaderView.swift */ = {isa = PBXFileReference; lastKnownFileType = sourcecode.swift; path = ExpandableHeaderView.swift; sourceTree = "<group>"; };
		3CA92BD528188C9F0057EB50 /* ListViewController.swift */ = {isa = PBXFileReference; lastKnownFileType = sourcecode.swift; path = ListViewController.swift; sourceTree = "<group>"; };
		3CA92BD728188CDC0057EB50 /* ListPresenter.swift */ = {isa = PBXFileReference; lastKnownFileType = sourcecode.swift; path = ListPresenter.swift; sourceTree = "<group>"; };
		3CA92BD928188CED0057EB50 /* ListInteractor.swift */ = {isa = PBXFileReference; lastKnownFileType = sourcecode.swift; path = ListInteractor.swift; sourceTree = "<group>"; };
		3CA92BDB28188D010057EB50 /* ListConfigurator.swift */ = {isa = PBXFileReference; lastKnownFileType = sourcecode.swift; path = ListConfigurator.swift; sourceTree = "<group>"; };
		3CA92BDD28188D160057EB50 /* ListRouter.swift */ = {isa = PBXFileReference; lastKnownFileType = sourcecode.swift; path = ListRouter.swift; sourceTree = "<group>"; };
		3CAEA0AE27383C2D009CAFF7 /* SearchViewController.swift */ = {isa = PBXFileReference; lastKnownFileType = sourcecode.swift; path = SearchViewController.swift; sourceTree = "<group>"; };
		3CAEA0B3273849A8009CAFF7 /* CocktailDetailsViewController.swift */ = {isa = PBXFileReference; lastKnownFileType = sourcecode.swift; path = CocktailDetailsViewController.swift; sourceTree = "<group>"; };
		3CAEA0B62738B605009CAFF7 /* NetworkManager.swift */ = {isa = PBXFileReference; lastKnownFileType = sourcecode.swift; path = NetworkManager.swift; sourceTree = "<group>"; };
		3CAEA0B82738B828009CAFF7 /* Cocktails.swift */ = {isa = PBXFileReference; lastKnownFileType = sourcecode.swift; path = Cocktails.swift; sourceTree = "<group>"; };
		3CAEA0BA2738BE9E009CAFF7 /* URLs.swift */ = {isa = PBXFileReference; lastKnownFileType = sourcecode.swift; path = URLs.swift; sourceTree = "<group>"; };
		BCF0E538553581EAD008F816 /* Pods-Cocktails.debug.xcconfig */ = {isa = PBXFileReference; includeInIndex = 1; lastKnownFileType = text.xcconfig; name = "Pods-Cocktails.debug.xcconfig"; path = "Target Support Files/Pods-Cocktails/Pods-Cocktails.debug.xcconfig"; sourceTree = "<group>"; };
		DC54F6908FBB96501E74E522 /* Pods-Cocktails.release.xcconfig */ = {isa = PBXFileReference; includeInIndex = 1; lastKnownFileType = text.xcconfig; name = "Pods-Cocktails.release.xcconfig"; path = "Target Support Files/Pods-Cocktails/Pods-Cocktails.release.xcconfig"; sourceTree = "<group>"; };
/* End PBXFileReference section */

/* Begin PBXFrameworksBuildPhase section */
		3C05E4812734246700E50CEE /* Frameworks */ = {
			isa = PBXFrameworksBuildPhase;
			buildActionMask = 2147483647;
			files = (
				DC70521FF875E7AA0837ABC7 /* Pods_Cocktails.framework in Frameworks */,
			);
			runOnlyForDeploymentPostprocessing = 0;
		};
/* End PBXFrameworksBuildPhase section */

/* Begin PBXGroup section */
		3C05E47B2734246700E50CEE = {
			isa = PBXGroup;
			children = (
				3C05E4862734246700E50CEE /* Cocktails */,
				3C05E4852734246700E50CEE /* Products */,
				4BDB7CC6B7C98270B50322E8 /* Pods */,
				7E087A196CEA6D0B722227D0 /* Frameworks */,
			);
			sourceTree = "<group>";
		};
		3C05E4852734246700E50CEE /* Products */ = {
			isa = PBXGroup;
			children = (
				3C05E4842734246700E50CEE /* Cocktails.app */,
			);
			name = Products;
			sourceTree = "<group>";
		};
		3C05E4862734246700E50CEE /* Cocktails */ = {
			isa = PBXGroup;
			children = (
				3C05E4AE273833E700E50CEE /* Controllers */,
				3C05E4A82737D9A400E50CEE /* Models */,
				3CAEA0B52738B41C009CAFF7 /* Managers */,
				3CA92BC32810A7580057EB50 /* Extensions */,
				3C05E49E273574B200E50CEE /* Application */,
				3C05E4AD273831F500E50CEE /* Resources */,
				3C05E4982734246B00E50CEE /* Info.plist */,
				3C05E4902734246700E50CEE /* Cocktails.xcdatamodeld */,
			);
			path = Cocktails;
			sourceTree = "<group>";
		};
		3C05E49E273574B200E50CEE /* Application */ = {
			isa = PBXGroup;
			children = (
				3C05E4872734246700E50CEE /* AppDelegate.swift */,
				3C05E4892734246700E50CEE /* SceneDelegate.swift */,
			);
			path = Application;
			sourceTree = "<group>";
		};
		3C05E49F273574C400E50CEE /* Cocktails */ = {
			isa = PBXGroup;
			children = (
				3C05E48B2734246700E50CEE /* CocktailsViewController.swift */,
				3C05E4AB2737E5D600E50CEE /* CocktailsViewCell.swift */,
				3C05E4A0273574EE00E50CEE /* CocktailsPresenter.swift */,
				3C05E4A22735781700E50CEE /* CocktailsInteractor.swift */,
				3C05E4A62735788C00E50CEE /* CocktailsRouter.swift */,
				3C05E4A42735785B00E50CEE /* CocktailsConfigurator.swift */,
			);
			path = Cocktails;
			sourceTree = "<group>";
		};
		3C05E4A82737D9A400E50CEE /* Models */ = {
			isa = PBXGroup;
			children = (
				3CA92BA2280EF8560057EB50 /* CoreDataModels */,
				3C05E4A92737DAAB00E50CEE /* CocktailData.swift */,
				3CAEA0B82738B828009CAFF7 /* Cocktails.swift */,
				3CAEA0BA2738BE9E009CAFF7 /* URLs.swift */,
				3CA92BD028186CC60057EB50 /* ListAllCocktailsModel.swift */,
			);
			path = Models;
			sourceTree = "<group>";
		};
		3C05E4AD273831F500E50CEE /* Resources */ = {
			isa = PBXGroup;
			children = (
				3C05E4932734246B00E50CEE /* Assets.xcassets */,
				3C05E4952734246B00E50CEE /* LaunchScreen.storyboard */,
			);
			name = Resources;
			sourceTree = "<group>";
		};
		3C05E4AE273833E700E50CEE /* Controllers */ = {
			isa = PBXGroup;
			children = (
				3C05E4AF2738341300E50CEE /* MainTabBarController.swift */,
				3C05E49F273574C400E50CEE /* Cocktails */,
				3C7AF5B4274B615B001B7B88 /* CocktailDetails */,
				3CAEA0B027384898009CAFF7 /* Favorite */,
				3CAEA0AD27383BF7009CAFF7 /* Search */,
				3CA92BD428188C5D0057EB50 /* List */,
				3CA92BD228186E7F0057EB50 /* ExpandableHeaderView.swift */,
			);
			path = Controllers;
			sourceTree = "<group>";
		};
		3C7AF5B4274B615B001B7B88 /* CocktailDetails */ = {
			isa = PBXGroup;
			children = (
				3CAEA0B3273849A8009CAFF7 /* CocktailDetailsViewController.swift */,
				3C7AF5B5274B618F001B7B88 /* CocktailDetailsPresenter.swift */,
				3C7AF5B7274B61AD001B7B88 /* CocktailDetailsInteractor.swift */,
				3C7AF5BC274B663B001B7B88 /* CocktailDetailsConfigurator.swift */,
			);
			path = CocktailDetails;
			sourceTree = "<group>";
		};
		3CA92BA2280EF8560057EB50 /* CoreDataModels */ = {
			isa = PBXGroup;
			children = (
				3CA92BB5280F05340057EB50 /* Cocktail+CoreDataClass.swift */,
				3CA92BB6280F05340057EB50 /* Cocktail+CoreDataProperties.swift */,
			);
			path = CoreDataModels;
			sourceTree = "<group>";
		};
		3CA92BC32810A7580057EB50 /* Extensions */ = {
			isa = PBXGroup;
			children = (
				3CA92BC42810A7720057EB50 /* Image.swift */,
			);
			path = Extensions;
			sourceTree = "<group>";
		};
		3CA92BD428188C5D0057EB50 /* List */ = {
			isa = PBXGroup;
			children = (
				3CA92BD528188C9F0057EB50 /* ListViewController.swift */,
				3CA92BD728188CDC0057EB50 /* ListPresenter.swift */,
				3CA92BD928188CED0057EB50 /* ListInteractor.swift */,
				3CA92BDB28188D010057EB50 /* ListConfigurator.swift */,
				3CA92BDD28188D160057EB50 /* ListRouter.swift */,
			);
			path = List;
			sourceTree = "<group>";
		};
		3CAEA0AD27383BF7009CAFF7 /* Search */ = {
			isa = PBXGroup;
			children = (
				3CAEA0AE27383C2D009CAFF7 /* SearchViewController.swift */,
				3CA92BC82815C7BE0057EB50 /* SearchPresenter.swift */,
				3CA92BCA2815C7D50057EB50 /* SearchInteractor.swift */,
				3CA92BCE2815C7F70057EB50 /* SearchRouter.swift */,
				3CA92BCC2815C7E80057EB50 /* SearchConfigurator.swift */,
			);
			path = Search;
			sourceTree = "<group>";
		};
		3CAEA0B027384898009CAFF7 /* Favorite */ = {
			isa = PBXGroup;
			children = (
				3CA92BB9280F15BC0057EB50 /* FavoriteViewController.swift */,
				3CA92BBB280F28990057EB50 /* FavoritePresenter.swift */,
				3CA92BBD280F28AF0057EB50 /* FavoriteInteractor.swift */,
				3CA92BC1280F28DE0057EB50 /* FavoriteRouter.swift */,
				3CA92BBF280F28CD0057EB50 /* FavoriteConfigurator.swift */,
			);
			path = Favorite;
			sourceTree = "<group>";
		};
		3CAEA0B52738B41C009CAFF7 /* Managers */ = {
			isa = PBXGroup;
			children = (
				3CAEA0B62738B605009CAFF7 /* NetworkManager.swift */,
				3CA92BB3280EFDCA0057EB50 /* CoreDataManager.swift */,
				3CA92BC62810AA5C0057EB50 /* ImageManager.swift */,
			);
			path = Managers;
			sourceTree = "<group>";
		};
		4BDB7CC6B7C98270B50322E8 /* Pods */ = {
			isa = PBXGroup;
			children = (
				BCF0E538553581EAD008F816 /* Pods-Cocktails.debug.xcconfig */,
				DC54F6908FBB96501E74E522 /* Pods-Cocktails.release.xcconfig */,
			);
			path = Pods;
			sourceTree = "<group>";
		};
		7E087A196CEA6D0B722227D0 /* Frameworks */ = {
			isa = PBXGroup;
			children = (
				1E27888929C83B7FA61BA91F /* Pods_Cocktails.framework */,
			);
			name = Frameworks;
			sourceTree = "<group>";
		};
/* End PBXGroup section */

/* Begin PBXNativeTarget section */
		3C05E4832734246700E50CEE /* Cocktails */ = {
			isa = PBXNativeTarget;
			buildConfigurationList = 3C05E49B2734246B00E50CEE /* Build configuration list for PBXNativeTarget "Cocktails" */;
			buildPhases = (
				E0A4DFC44980BA6BDA9B70FD /* [CP] Check Pods Manifest.lock */,
				3C05E4802734246700E50CEE /* Sources */,
				3C05E4812734246700E50CEE /* Frameworks */,
				3C05E4822734246700E50CEE /* Resources */,
				FAE12C8DEB2666E3441CBC84 /* [CP] Embed Pods Frameworks */,
			);
			buildRules = (
			);
			dependencies = (
			);
			name = Cocktails;
			productName = Cocktails;
			productReference = 3C05E4842734246700E50CEE /* Cocktails.app */;
			productType = "com.apple.product-type.application";
		};
/* End PBXNativeTarget section */

/* Begin PBXProject section */
		3C05E47C2734246700E50CEE /* Project object */ = {
			isa = PBXProject;
			attributes = {
				BuildIndependentTargetsInParallel = 1;
				LastSwiftUpdateCheck = 1310;
				LastUpgradeCheck = 1310;
				TargetAttributes = {
					3C05E4832734246700E50CEE = {
						CreatedOnToolsVersion = 13.1;
					};
				};
			};
			buildConfigurationList = 3C05E47F2734246700E50CEE /* Build configuration list for PBXProject "Cocktails" */;
			compatibilityVersion = "Xcode 13.0";
			developmentRegion = en;
			hasScannedForEncodings = 0;
			knownRegions = (
				en,
				Base,
			);
			mainGroup = 3C05E47B2734246700E50CEE;
			productRefGroup = 3C05E4852734246700E50CEE /* Products */;
			projectDirPath = "";
			projectRoot = "";
			targets = (
				3C05E4832734246700E50CEE /* Cocktails */,
			);
		};
/* End PBXProject section */

/* Begin PBXResourcesBuildPhase section */
		3C05E4822734246700E50CEE /* Resources */ = {
			isa = PBXResourcesBuildPhase;
			buildActionMask = 2147483647;
			files = (
				3C05E4972734246B00E50CEE /* LaunchScreen.storyboard in Resources */,
				3C05E4942734246B00E50CEE /* Assets.xcassets in Resources */,
			);
			runOnlyForDeploymentPostprocessing = 0;
		};
/* End PBXResourcesBuildPhase section */

/* Begin PBXShellScriptBuildPhase section */
		E0A4DFC44980BA6BDA9B70FD /* [CP] Check Pods Manifest.lock */ = {
			isa = PBXShellScriptBuildPhase;
			buildActionMask = 2147483647;
			files = (
			);
			inputFileListPaths = (
			);
			inputPaths = (
				"${PODS_PODFILE_DIR_PATH}/Podfile.lock",
				"${PODS_ROOT}/Manifest.lock",
			);
			name = "[CP] Check Pods Manifest.lock";
			outputFileListPaths = (
			);
			outputPaths = (
				"$(DERIVED_FILE_DIR)/Pods-Cocktails-checkManifestLockResult.txt",
			);
			runOnlyForDeploymentPostprocessing = 0;
			shellPath = /bin/sh;
			shellScript = "diff \"${PODS_PODFILE_DIR_PATH}/Podfile.lock\" \"${PODS_ROOT}/Manifest.lock\" > /dev/null\nif [ $? != 0 ] ; then\n    # print error to STDERR\n    echo \"error: The sandbox is not in sync with the Podfile.lock. Run 'pod install' or update your CocoaPods installation.\" >&2\n    exit 1\nfi\n# This output is used by Xcode 'outputs' to avoid re-running this script phase.\necho \"SUCCESS\" > \"${SCRIPT_OUTPUT_FILE_0}\"\n";
			showEnvVarsInLog = 0;
		};
		FAE12C8DEB2666E3441CBC84 /* [CP] Embed Pods Frameworks */ = {
			isa = PBXShellScriptBuildPhase;
			buildActionMask = 2147483647;
			files = (
			);
			inputFileListPaths = (
				"${PODS_ROOT}/Target Support Files/Pods-Cocktails/Pods-Cocktails-frameworks-${CONFIGURATION}-input-files.xcfilelist",
			);
			name = "[CP] Embed Pods Frameworks";
			outputFileListPaths = (
				"${PODS_ROOT}/Target Support Files/Pods-Cocktails/Pods-Cocktails-frameworks-${CONFIGURATION}-output-files.xcfilelist",
			);
			runOnlyForDeploymentPostprocessing = 0;
			shellPath = /bin/sh;
			shellScript = "\"${PODS_ROOT}/Target Support Files/Pods-Cocktails/Pods-Cocktails-frameworks.sh\"\n";
			showEnvVarsInLog = 0;
		};
/* End PBXShellScriptBuildPhase section */

/* Begin PBXSourcesBuildPhase section */
		3C05E4802734246700E50CEE /* Sources */ = {
			isa = PBXSourcesBuildPhase;
			buildActionMask = 2147483647;
			files = (
				3CA92BBA280F15BC0057EB50 /* FavoriteViewController.swift in Sources */,
				3C05E48C2734246700E50CEE /* CocktailsViewController.swift in Sources */,
				3CA92BC92815C7BE0057EB50 /* SearchPresenter.swift in Sources */,
				3C7AF5BD274B663B001B7B88 /* CocktailDetailsConfigurator.swift in Sources */,
				3CA92BD828188CDC0057EB50 /* ListPresenter.swift in Sources */,
				3C05E4882734246700E50CEE /* AppDelegate.swift in Sources */,
				3CA92BDA28188CED0057EB50 /* ListInteractor.swift in Sources */,
				3C05E4B02738341300E50CEE /* MainTabBarController.swift in Sources */,
				3CA92BDE28188D160057EB50 /* ListRouter.swift in Sources */,
				3C7AF5B8274B61AD001B7B88 /* CocktailDetailsInteractor.swift in Sources */,
				3CA92BDC28188D010057EB50 /* ListConfigurator.swift in Sources */,
				3CA92BD128186CC60057EB50 /* ListAllCocktailsModel.swift in Sources */,
				3CAEA0BB2738BE9E009CAFF7 /* URLs.swift in Sources */,
				3CA92BC72810AA5C0057EB50 /* ImageManager.swift in Sources */,
				3C05E4AC2737E5D600E50CEE /* CocktailsViewCell.swift in Sources */,
				3CA92BC0280F28CD0057EB50 /* FavoriteConfigurator.swift in Sources */,
				3CA92BB4280EFDCA0057EB50 /* CoreDataManager.swift in Sources */,
				3C05E4A52735785B00E50CEE /* CocktailsConfigurator.swift in Sources */,
				3CA92BD628188C9F0057EB50 /* ListViewController.swift in Sources */,
				3C05E4A32735781700E50CEE /* CocktailsInteractor.swift in Sources */,
				3CA92BC52810A7720057EB50 /* Image.swift in Sources */,
				3CAEA0AF27383C2D009CAFF7 /* SearchViewController.swift in Sources */,
				3C05E48A2734246700E50CEE /* SceneDelegate.swift in Sources */,
				3C7AF5B6274B618F001B7B88 /* CocktailDetailsPresenter.swift in Sources */,
				3CAEA0B92738B828009CAFF7 /* Cocktails.swift in Sources */,
				3C05E4AA2737DAAB00E50CEE /* CocktailData.swift in Sources */,
				3C05E4922734246700E50CEE /* Cocktails.xcdatamodeld in Sources */,
				3CA92BD328186E7F0057EB50 /* ExpandableHeaderView.swift in Sources */,
				3CAEA0B4273849A8009CAFF7 /* CocktailDetailsViewController.swift in Sources */,
				3CA92BBC280F28990057EB50 /* FavoritePresenter.swift in Sources */,
				3CA92BB8280F05340057EB50 /* Cocktail+CoreDataProperties.swift in Sources */,
				3CA92BCF2815C7F70057EB50 /* SearchRouter.swift in Sources */,
				3C05E4A72735788C00E50CEE /* CocktailsRouter.swift in Sources */,
				3CA92BBE280F28AF0057EB50 /* FavoriteInteractor.swift in Sources */,
				3CA92BC2280F28DE0057EB50 /* FavoriteRouter.swift in Sources */,
				3CA92BCB2815C7D50057EB50 /* SearchInteractor.swift in Sources */,
				3CA92BCD2815C7E90057EB50 /* SearchConfigurator.swift in Sources */,
				3CAEA0B72738B605009CAFF7 /* NetworkManager.swift in Sources */,
				3C05E4A1273574EE00E50CEE /* CocktailsPresenter.swift in Sources */,
				3CA92BB7280F05340057EB50 /* Cocktail+CoreDataClass.swift in Sources */,
			);
			runOnlyForDeploymentPostprocessing = 0;
		};
/* End PBXSourcesBuildPhase section */

/* Begin PBXVariantGroup section */
		3C05E4952734246B00E50CEE /* LaunchScreen.storyboard */ = {
			isa = PBXVariantGroup;
			children = (
				3C05E4962734246B00E50CEE /* Base */,
			);
			name = LaunchScreen.storyboard;
			sourceTree = "<group>";
		};
/* End PBXVariantGroup section */

/* Begin XCBuildConfiguration section */
		3C05E4992734246B00E50CEE /* Debug */ = {
			isa = XCBuildConfiguration;
			buildSettings = {
				ALWAYS_SEARCH_USER_PATHS = NO;
				CLANG_ANALYZER_NONNULL = YES;
				CLANG_ANALYZER_NUMBER_OBJECT_CONVERSION = YES_AGGRESSIVE;
				CLANG_CXX_LANGUAGE_STANDARD = "gnu++17";
				CLANG_CXX_LIBRARY = "libc++";
				CLANG_ENABLE_MODULES = YES;
				CLANG_ENABLE_OBJC_ARC = YES;
				CLANG_ENABLE_OBJC_WEAK = YES;
				CLANG_WARN_BLOCK_CAPTURE_AUTORELEASING = YES;
				CLANG_WARN_BOOL_CONVERSION = YES;
				CLANG_WARN_COMMA = YES;
				CLANG_WARN_CONSTANT_CONVERSION = YES;
				CLANG_WARN_DEPRECATED_OBJC_IMPLEMENTATIONS = YES;
				CLANG_WARN_DIRECT_OBJC_ISA_USAGE = YES_ERROR;
				CLANG_WARN_DOCUMENTATION_COMMENTS = YES;
				CLANG_WARN_EMPTY_BODY = YES;
				CLANG_WARN_ENUM_CONVERSION = YES;
				CLANG_WARN_INFINITE_RECURSION = YES;
				CLANG_WARN_INT_CONVERSION = YES;
				CLANG_WARN_NON_LITERAL_NULL_CONVERSION = YES;
				CLANG_WARN_OBJC_IMPLICIT_RETAIN_SELF = YES;
				CLANG_WARN_OBJC_LITERAL_CONVERSION = YES;
				CLANG_WARN_OBJC_ROOT_CLASS = YES_ERROR;
				CLANG_WARN_QUOTED_INCLUDE_IN_FRAMEWORK_HEADER = YES;
				CLANG_WARN_RANGE_LOOP_ANALYSIS = YES;
				CLANG_WARN_STRICT_PROTOTYPES = YES;
				CLANG_WARN_SUSPICIOUS_MOVE = YES;
				CLANG_WARN_UNGUARDED_AVAILABILITY = YES_AGGRESSIVE;
				CLANG_WARN_UNREACHABLE_CODE = YES;
				CLANG_WARN__DUPLICATE_METHOD_MATCH = YES;
				COPY_PHASE_STRIP = NO;
				DEBUG_INFORMATION_FORMAT = dwarf;
				ENABLE_STRICT_OBJC_MSGSEND = YES;
				ENABLE_TESTABILITY = YES;
				GCC_C_LANGUAGE_STANDARD = gnu11;
				GCC_DYNAMIC_NO_PIC = NO;
				GCC_NO_COMMON_BLOCKS = YES;
				GCC_OPTIMIZATION_LEVEL = 0;
				GCC_PREPROCESSOR_DEFINITIONS = (
					"DEBUG=1",
					"$(inherited)",
				);
				GCC_WARN_64_TO_32_BIT_CONVERSION = YES;
				GCC_WARN_ABOUT_RETURN_TYPE = YES_ERROR;
				GCC_WARN_UNDECLARED_SELECTOR = YES;
				GCC_WARN_UNINITIALIZED_AUTOS = YES_AGGRESSIVE;
				GCC_WARN_UNUSED_FUNCTION = YES;
				GCC_WARN_UNUSED_VARIABLE = YES;
				IPHONEOS_DEPLOYMENT_TARGET = 15.0;
				MTL_ENABLE_DEBUG_INFO = INCLUDE_SOURCE;
				MTL_FAST_MATH = YES;
				ONLY_ACTIVE_ARCH = YES;
				SDKROOT = iphoneos;
				SWIFT_ACTIVE_COMPILATION_CONDITIONS = DEBUG;
				SWIFT_OPTIMIZATION_LEVEL = "-Onone";
			};
			name = Debug;
		};
		3C05E49A2734246B00E50CEE /* Release */ = {
			isa = XCBuildConfiguration;
			buildSettings = {
				ALWAYS_SEARCH_USER_PATHS = NO;
				CLANG_ANALYZER_NONNULL = YES;
				CLANG_ANALYZER_NUMBER_OBJECT_CONVERSION = YES_AGGRESSIVE;
				CLANG_CXX_LANGUAGE_STANDARD = "gnu++17";
				CLANG_CXX_LIBRARY = "libc++";
				CLANG_ENABLE_MODULES = YES;
				CLANG_ENABLE_OBJC_ARC = YES;
				CLANG_ENABLE_OBJC_WEAK = YES;
				CLANG_WARN_BLOCK_CAPTURE_AUTORELEASING = YES;
				CLANG_WARN_BOOL_CONVERSION = YES;
				CLANG_WARN_COMMA = YES;
				CLANG_WARN_CONSTANT_CONVERSION = YES;
				CLANG_WARN_DEPRECATED_OBJC_IMPLEMENTATIONS = YES;
				CLANG_WARN_DIRECT_OBJC_ISA_USAGE = YES_ERROR;
				CLANG_WARN_DOCUMENTATION_COMMENTS = YES;
				CLANG_WARN_EMPTY_BODY = YES;
				CLANG_WARN_ENUM_CONVERSION = YES;
				CLANG_WARN_INFINITE_RECURSION = YES;
				CLANG_WARN_INT_CONVERSION = YES;
				CLANG_WARN_NON_LITERAL_NULL_CONVERSION = YES;
				CLANG_WARN_OBJC_IMPLICIT_RETAIN_SELF = YES;
				CLANG_WARN_OBJC_LITERAL_CONVERSION = YES;
				CLANG_WARN_OBJC_ROOT_CLASS = YES_ERROR;
				CLANG_WARN_QUOTED_INCLUDE_IN_FRAMEWORK_HEADER = YES;
				CLANG_WARN_RANGE_LOOP_ANALYSIS = YES;
				CLANG_WARN_STRICT_PROTOTYPES = YES;
				CLANG_WARN_SUSPICIOUS_MOVE = YES;
				CLANG_WARN_UNGUARDED_AVAILABILITY = YES_AGGRESSIVE;
				CLANG_WARN_UNREACHABLE_CODE = YES;
				CLANG_WARN__DUPLICATE_METHOD_MATCH = YES;
				COPY_PHASE_STRIP = NO;
				DEBUG_INFORMATION_FORMAT = "dwarf-with-dsym";
				ENABLE_NS_ASSERTIONS = NO;
				ENABLE_STRICT_OBJC_MSGSEND = YES;
				GCC_C_LANGUAGE_STANDARD = gnu11;
				GCC_NO_COMMON_BLOCKS = YES;
				GCC_WARN_64_TO_32_BIT_CONVERSION = YES;
				GCC_WARN_ABOUT_RETURN_TYPE = YES_ERROR;
				GCC_WARN_UNDECLARED_SELECTOR = YES;
				GCC_WARN_UNINITIALIZED_AUTOS = YES_AGGRESSIVE;
				GCC_WARN_UNUSED_FUNCTION = YES;
				GCC_WARN_UNUSED_VARIABLE = YES;
				IPHONEOS_DEPLOYMENT_TARGET = 15.0;
				MTL_ENABLE_DEBUG_INFO = NO;
				MTL_FAST_MATH = YES;
				SDKROOT = iphoneos;
				SWIFT_COMPILATION_MODE = wholemodule;
				SWIFT_OPTIMIZATION_LEVEL = "-O";
				VALIDATE_PRODUCT = YES;
			};
			name = Release;
		};
		3C05E49C2734246B00E50CEE /* Debug */ = {
			isa = XCBuildConfiguration;
			baseConfigurationReference = BCF0E538553581EAD008F816 /* Pods-Cocktails.debug.xcconfig */;
			buildSettings = {
				ASSETCATALOG_COMPILER_APPICON_NAME = AppIcon;
				ASSETCATALOG_COMPILER_GLOBAL_ACCENT_COLOR_NAME = AccentColor;
				CODE_SIGN_STYLE = Automatic;
				CURRENT_PROJECT_VERSION = 1;
				DEVELOPMENT_TEAM = MMLYXGU647;
				GENERATE_INFOPLIST_FILE = YES;
				INFOPLIST_FILE = Cocktails/Info.plist;
				INFOPLIST_KEY_UIApplicationSupportsIndirectInputEvents = YES;
				INFOPLIST_KEY_UILaunchStoryboardName = LaunchScreen;
				INFOPLIST_KEY_UISupportedInterfaceOrientations_iPad = "UIInterfaceOrientationPortrait UIInterfaceOrientationPortraitUpsideDown UIInterfaceOrientationLandscapeLeft UIInterfaceOrientationLandscapeRight";
				INFOPLIST_KEY_UISupportedInterfaceOrientations_iPhone = "UIInterfaceOrientationPortrait UIInterfaceOrientationLandscapeLeft UIInterfaceOrientationLandscapeRight";
				LD_RUNPATH_SEARCH_PATHS = (
					"$(inherited)",
					"@executable_path/Frameworks",
				);
				MARKETING_VERSION = 1.0;
				PRODUCT_BUNDLE_IDENTIFIER = ru.tekmya.Cocktails;
				PRODUCT_NAME = "$(TARGET_NAME)";
				SWIFT_EMIT_LOC_STRINGS = YES;
				SWIFT_VERSION = 5.0;
				TARGETED_DEVICE_FAMILY = 1;
			};
			name = Debug;
		};
		3C05E49D2734246B00E50CEE /* Release */ = {
			isa = XCBuildConfiguration;
			baseConfigurationReference = DC54F6908FBB96501E74E522 /* Pods-Cocktails.release.xcconfig */;
			buildSettings = {
				ASSETCATALOG_COMPILER_APPICON_NAME = AppIcon;
				ASSETCATALOG_COMPILER_GLOBAL_ACCENT_COLOR_NAME = AccentColor;
				CODE_SIGN_STYLE = Automatic;
				CURRENT_PROJECT_VERSION = 1;
				DEVELOPMENT_TEAM = MMLYXGU647;
				GENERATE_INFOPLIST_FILE = YES;
				INFOPLIST_FILE = Cocktails/Info.plist;
				INFOPLIST_KEY_UIApplicationSupportsIndirectInputEvents = YES;
				INFOPLIST_KEY_UILaunchStoryboardName = LaunchScreen;
				INFOPLIST_KEY_UISupportedInterfaceOrientations_iPad = "UIInterfaceOrientationPortrait UIInterfaceOrientationPortraitUpsideDown UIInterfaceOrientationLandscapeLeft UIInterfaceOrientationLandscapeRight";
				INFOPLIST_KEY_UISupportedInterfaceOrientations_iPhone = "UIInterfaceOrientationPortrait UIInterfaceOrientationLandscapeLeft UIInterfaceOrientationLandscapeRight";
				LD_RUNPATH_SEARCH_PATHS = (
					"$(inherited)",
					"@executable_path/Frameworks",
				);
				MARKETING_VERSION = 1.0;
				PRODUCT_BUNDLE_IDENTIFIER = ru.tekmya.Cocktails;
				PRODUCT_NAME = "$(TARGET_NAME)";
				SWIFT_EMIT_LOC_STRINGS = YES;
				SWIFT_VERSION = 5.0;
				TARGETED_DEVICE_FAMILY = 1;
			};
			name = Release;
		};
/* End XCBuildConfiguration section */

/* Begin XCConfigurationList section */
		3C05E47F2734246700E50CEE /* Build configuration list for PBXProject "Cocktails" */ = {
			isa = XCConfigurationList;
			buildConfigurations = (
				3C05E4992734246B00E50CEE /* Debug */,
				3C05E49A2734246B00E50CEE /* Release */,
			);
			defaultConfigurationIsVisible = 0;
			defaultConfigurationName = Release;
		};
		3C05E49B2734246B00E50CEE /* Build configuration list for PBXNativeTarget "Cocktails" */ = {
			isa = XCConfigurationList;
			buildConfigurations = (
				3C05E49C2734246B00E50CEE /* Debug */,
				3C05E49D2734246B00E50CEE /* Release */,
			);
			defaultConfigurationIsVisible = 0;
			defaultConfigurationName = Release;
		};
/* End XCConfigurationList section */

/* Begin XCVersionGroup section */
		3C05E4902734246700E50CEE /* Cocktails.xcdatamodeld */ = {
			isa = XCVersionGroup;
			children = (
				3C05E4912734246700E50CEE /* Cocktails.xcdatamodel */,
			);
			currentVersion = 3C05E4912734246700E50CEE /* Cocktails.xcdatamodel */;
			path = Cocktails.xcdatamodeld;
			sourceTree = "<group>";
			versionGroupType = wrapper.xcdatamodel;
		};
/* End XCVersionGroup section */
	};
	rootObject = 3C05E47C2734246700E50CEE /* Project object */;
}
